{
    "version": 3,
    "terraform_version": "0.8.8",
    "serial": 22,
    "lineage": "4a8ea42f-1a53-4fff-9f75-dae4b102eb36",
    "modules": [
        {
            "path": [
                "root"
            ],
            "outputs": {},
            "resources": {
                "aws_route53_zone.site_zone_no_www": {
                    "type": "aws_route53_zone",
                    "depends_on": [],
                    "primary": {
                        "id": "Z35G76ADWA1QFO",
                        "attributes": {
                            "comment": "Managed by Terraform",
                            "force_destroy": "false",
                            "id": "Z35G76ADWA1QFO",
                            "name": "mikenomitch.com",
                            "name_servers.#": "4",
                            "name_servers.0": "ns-1067.awsdns-05.org",
                            "name_servers.1": "ns-1686.awsdns-18.co.uk",
                            "name_servers.2": "ns-17.awsdns-02.com",
                            "name_servers.3": "ns-681.awsdns-21.net",
                            "tags.%": "0",
                            "zone_id": "Z35G76ADWA1QFO"
                        },
                        "meta": {},
                        "tainted": false
                    },
                    "deposed": [],
                    "provider": ""
                },
                "aws_route53_zone.site_zone_www": {
                    "type": "aws_route53_zone",
                    "depends_on": [],
                    "primary": {
                        "id": "Z20HRJQOY51AT8",
                        "attributes": {
                            "comment": "Managed by Terraform",
                            "force_destroy": "false",
                            "id": "Z20HRJQOY51AT8",
                            "name": "www.mikenomitch.com",
                            "name_servers.#": "4",
                            "name_servers.0": "ns-1287.awsdns-32.org",
                            "name_servers.1": "ns-141.awsdns-17.com",
                            "name_servers.2": "ns-2020.awsdns-60.co.uk",
                            "name_servers.3": "ns-669.awsdns-19.net",
                            "tags.%": "0",
                            "zone_id": "Z20HRJQOY51AT8"
                        },
                        "meta": {},
                        "tainted": false
                    },
                    "deposed": [],
                    "provider": ""
                },
                "aws_s3_bucket.personal_no_www": {
                    "type": "aws_s3_bucket",
                    "depends_on": [],
                    "primary": {
                        "id": "mikenomitch.com",
                        "attributes": {
                            "acceleration_status": "",
                            "acl": "public-read",
                            "arn": "arn:aws:s3:::mikenomitch.com",
                            "bucket": "mikenomitch.com",
                            "bucket_domain_name": "mikenomitch.com.s3.amazonaws.com",
                            "force_destroy": "false",
                            "hosted_zone_id": "Z3AQBSTGFYJSTF",
                            "id": "mikenomitch.com",
                            "policy": "{\"Statement\":[{\"Action\":\"s3:GetObject\",\"Effect\":\"Allow\",\"Principal\":\"*\",\"Resource\":\"arn:aws:s3:::mikenomitch.com/*\",\"Sid\":\"AddPerm\"}],\"Version\":\"2012-10-17\"}",
                            "region": "us-east-1",
                            "request_payer": "BucketOwner",
                            "tags.%": "0",
                            "versioning.#": "1",
                            "versioning.0.enabled": "false",
                            "versioning.0.mfa_delete": "false",
                            "website.#": "1",
                            "website.0.error_document": "",
                            "website.0.index_document": "index.html",
                            "website.0.redirect_all_requests_to": "",
                            "website.0.routing_rules": "",
                            "website_domain": "s3-website-us-east-1.amazonaws.com",
                            "website_endpoint": "mikenomitch.com.s3-website-us-east-1.amazonaws.com"
                        },
                        "meta": {},
                        "tainted": false
                    },
                    "deposed": [],
                    "provider": ""
                },
                "aws_s3_bucket.personal_www": {
                    "type": "aws_s3_bucket",
                    "depends_on": [],
                    "primary": {
                        "id": "www.mikenomitch.com",
                        "attributes": {
                            "acceleration_status": "",
                            "acl": "public-read",
                            "arn": "arn:aws:s3:::www.mikenomitch.com",
                            "bucket": "www.mikenomitch.com",
                            "bucket_domain_name": "www.mikenomitch.com.s3.amazonaws.com",
                            "force_destroy": "false",
                            "hosted_zone_id": "Z3AQBSTGFYJSTF",
                            "id": "www.mikenomitch.com",
                            "policy": "{\"Statement\":[{\"Action\":\"s3:GetObject\",\"Effect\":\"Allow\",\"Principal\":\"*\",\"Resource\":\"arn:aws:s3:::www.mikenomitch.com/*\",\"Sid\":\"AddPerm\"}],\"Version\":\"2012-10-17\"}",
                            "region": "us-east-1",
                            "request_payer": "BucketOwner",
                            "tags.%": "0",
                            "versioning.#": "1",
                            "versioning.0.enabled": "false",
                            "versioning.0.mfa_delete": "false",
                            "website.#": "1",
                            "website.0.error_document": "",
                            "website.0.index_document": "index.html",
                            "website.0.redirect_all_requests_to": "",
                            "website.0.routing_rules": "",
                            "website_domain": "s3-website-us-east-1.amazonaws.com",
                            "website_endpoint": "www.mikenomitch.com.s3-website-us-east-1.amazonaws.com"
                        },
                        "meta": {},
                        "tainted": false
                    },
                    "deposed": [],
                    "provider": ""
                },
                "aws_s3_bucket_object.index": {
                    "type": "aws_s3_bucket_object",
                    "depends_on": [
                        "aws_s3_bucket.personal_no_www"
                    ],
                    "primary": {
                        "id": "index.html",
                        "attributes": {
                            "acl": "public-read",
                            "bucket": "mikenomitch.com",
                            "cache_control": "",
                            "content_disposition": "",
                            "content_encoding": "",
                            "content_language": "",
                            "content_type": "text/html",
                            "etag": "7b8c1084020a51f38a89444979163041",
                            "id": "index.html",
                            "key": "index.html",
                            "kms_key_id": "",
                            "server_side_encryption": "",
                            "source": "../src/index.html",
                            "storage_class": "STANDARD",
                            "tags.%": "0",
                            "version_id": ""
                        },
                        "meta": {},
                        "tainted": false
                    },
                    "deposed": [],
                    "provider": "aws"
                },
                "aws_s3_bucket_object.styles": {
                    "type": "aws_s3_bucket_object",
                    "depends_on": [
                        "aws_s3_bucket.personal_no_www"
                    ],
                    "primary": {
                        "id": "application.css",
                        "attributes": {
                            "acl": "public-read",
                            "bucket": "mikenomitch.com",
                            "cache_control": "",
                            "content_disposition": "",
                            "content_encoding": "",
                            "content_language": "",
                            "content_type": "text/css",
                            "etag": "84dff8a241bcc8c0c613b10d75f653b8",
                            "id": "application.css",
                            "key": "application.css",
                            "kms_key_id": "",
                            "server_side_encryption": "",
                            "source": "../src/application.css",
                            "storage_class": "STANDARD",
                            "tags.%": "0",
                            "version_id": ""
                        },
                        "meta": {},
                        "tainted": false
                    },
                    "deposed": [],
                    "provider": "aws"
                }
            },
            "depends_on": []
        }
    ]
}
